// !$*UTF8*$!
{
	archiveVersion = 1;
	classes = {
	};
	objectVersion = 56;
	objects = {

/* Begin PBXBuildFile section */
		C70B40F52AAADB8E0048693B /* ProfileViewModel.swift in Sources */ = {isa = PBXBuildFile; fileRef = C70B40F42AAADB8E0048693B /* ProfileViewModel.swift */; };
		C70B40FA2AAAE2F10048693B /* UpdateAvatarView.swift in Sources */ = {isa = PBXBuildFile; fileRef = C70B40F92AAAE2F10048693B /* UpdateAvatarView.swift */; };
		C70B40FC2AAAE3010048693B /* UpdateUsernameView.swift in Sources */ = {isa = PBXBuildFile; fileRef = C70B40FB2AAAE3010048693B /* UpdateUsernameView.swift */; };
		C70B40FE2AAAE30F0048693B /* UpdatePasswordView.swift in Sources */ = {isa = PBXBuildFile; fileRef = C70B40FD2AAAE30F0048693B /* UpdatePasswordView.swift */; };
		C70B41022AAB09050048693B /* ScapeaAvatar.swift in Sources */ = {isa = PBXBuildFile; fileRef = C70B41012AAB09050048693B /* ScapeaAvatar.swift */; };
		C70B41062AADC1360048693B /* ScapeaAction.swift in Sources */ = {isa = PBXBuildFile; fileRef = C70B41052AADC1360048693B /* ScapeaAction.swift */; };
		C70B41082AADC22A0048693B /* ActionCardView.swift in Sources */ = {isa = PBXBuildFile; fileRef = C70B41072AADC22A0048693B /* ActionCardView.swift */; };
		C70B410A2AAE0B140048693B /* HomeViewModel.swift in Sources */ = {isa = PBXBuildFile; fileRef = C70B41092AAE0B140048693B /* HomeViewModel.swift */; };
		C70B6AE52AA90DFC000DED0A /* SupportEmail.swift in Sources */ = {isa = PBXBuildFile; fileRef = C70B6AE42AA90DFC000DED0A /* SupportEmail.swift */; };
		C70B6AE72AA90F08000DED0A /* Bundle+Extension.swift in Sources */ = {isa = PBXBuildFile; fileRef = C70B6AE62AA90F08000DED0A /* Bundle+Extension.swift */; };
		C70B6AE92AA90F45000DED0A /* SettingsViewModel.swift in Sources */ = {isa = PBXBuildFile; fileRef = C70B6AE82AA90F45000DED0A /* SettingsViewModel.swift */; };
		C70FBAF22AA45F5E0047272B /* ScapeaApp.swift in Sources */ = {isa = PBXBuildFile; fileRef = C70FBAF12AA45F5E0047272B /* ScapeaApp.swift */; };
		C70FBAF42AA45F5E0047272B /* ContentView.swift in Sources */ = {isa = PBXBuildFile; fileRef = C70FBAF32AA45F5E0047272B /* ContentView.swift */; };
		C70FBAF62AA45F5F0047272B /* Assets.xcassets in Resources */ = {isa = PBXBuildFile; fileRef = C70FBAF52AA45F5F0047272B /* Assets.xcassets */; };
		C70FBAF92AA45F5F0047272B /* Preview Assets.xcassets in Resources */ = {isa = PBXBuildFile; fileRef = C70FBAF82AA45F5F0047272B /* Preview Assets.xcassets */; };
		C7208CA42AA7AB9600F5F7D5 /* LaunchScreen.storyboard in Resources */ = {isa = PBXBuildFile; fileRef = C7208CA32AA7AB9600F5F7D5 /* LaunchScreen.storyboard */; };
		C7208CA62AA7B4E900F5F7D5 /* AvatarView.swift in Sources */ = {isa = PBXBuildFile; fileRef = C7208CA52AA7B4E900F5F7D5 /* AvatarView.swift */; };
		C7208CA82AA7BA9C00F5F7D5 /* ProfileView.swift in Sources */ = {isa = PBXBuildFile; fileRef = C7208CA72AA7BA9C00F5F7D5 /* ProfileView.swift */; };
		C7208CAA2AA7BAA600F5F7D5 /* HomeView.swift in Sources */ = {isa = PBXBuildFile; fileRef = C7208CA92AA7BAA600F5F7D5 /* HomeView.swift */; };
		C7208CAC2AA7BAB300F5F7D5 /* SettingsView.swift in Sources */ = {isa = PBXBuildFile; fileRef = C7208CAB2AA7BAB300F5F7D5 /* SettingsView.swift */; };
		C7208CAE2AA7BE7300F5F7D5 /* AlertSheetView.swift in Sources */ = {isa = PBXBuildFile; fileRef = C7208CAD2AA7BE7300F5F7D5 /* AlertSheetView.swift */; };
		C748BB2A2BABA07B00505355 /* ScapediaView.swift in Sources */ = {isa = PBXBuildFile; fileRef = C748BB292BABA07B00505355 /* ScapediaView.swift */; };
		C75774882BAB6C6C0080C021 /* GardenService.swift in Sources */ = {isa = PBXBuildFile; fileRef = C75774872BAB6C6C0080C021 /* GardenService.swift */; };
		C757748F2BAB6FB00080C021 /* GardenServiceView.swift in Sources */ = {isa = PBXBuildFile; fileRef = C757748E2BAB6FB00080C021 /* GardenServiceView.swift */; };
		C75774912BAB86240080C021 /* GardeningGoal.swift in Sources */ = {isa = PBXBuildFile; fileRef = C75774902BAB86240080C021 /* GardeningGoal.swift */; };
		C75774932BAB86A90080C021 /* UserLocation.swift in Sources */ = {isa = PBXBuildFile; fileRef = C75774922BAB86A90080C021 /* UserLocation.swift */; };
		C75774952BAB90C40080C021 /* GeneratedKitView.swift in Sources */ = {isa = PBXBuildFile; fileRef = C75774942BAB90C40080C021 /* GeneratedKitView.swift */; };
		C75774972BAB97110080C021 /* CommunityBlogView.swift in Sources */ = {isa = PBXBuildFile; fileRef = C75774962BAB97110080C021 /* CommunityBlogView.swift */; };
		C75774992BAB975E0080C021 /* Blog.swift in Sources */ = {isa = PBXBuildFile; fileRef = C75774982BAB975E0080C021 /* Blog.swift */; };
		C75BA7F12AA50E42002B9888 /* ForgotPasswordViewModel.swift in Sources */ = {isa = PBXBuildFile; fileRef = C75BA7F02AA50E41002B9888 /* ForgotPasswordViewModel.swift */; };
		C75BA7F32AA50EA2002B9888 /* EmailView.swift in Sources */ = {isa = PBXBuildFile; fileRef = C75BA7F22AA50EA2002B9888 /* EmailView.swift */; };
		C75BA7F52AA510E4002B9888 /* OTPView.swift in Sources */ = {isa = PBXBuildFile; fileRef = C75BA7F42AA510E4002B9888 /* OTPView.swift */; };
		C75BA7F72AA510F7002B9888 /* ResetPasswordView.swift in Sources */ = {isa = PBXBuildFile; fileRef = C75BA7F62AA510F7002B9888 /* ResetPasswordView.swift */; };
		C7951F592AA461E1006DF1E6 /* OnboardingStep.swift in Sources */ = {isa = PBXBuildFile; fileRef = C7951F582AA461E1006DF1E6 /* OnboardingStep.swift */; };
		C7951F5D2AA463B3006DF1E6 /* OnboardingView.swift in Sources */ = {isa = PBXBuildFile; fileRef = C7951F5C2AA463B3006DF1E6 /* OnboardingView.swift */; };
		C7951F622AA463F7006DF1E6 /* OnboardingStepView.swift in Sources */ = {isa = PBXBuildFile; fileRef = C7951F612AA463F7006DF1E6 /* OnboardingStepView.swift */; };
		C7951F662AA46787006DF1E6 /* RoundedCorner.swift in Sources */ = {isa = PBXBuildFile; fileRef = C7951F652AA46787006DF1E6 /* RoundedCorner.swift */; };
		C7951F682AA48590006DF1E6 /* OnboardingProgressView.swift in Sources */ = {isa = PBXBuildFile; fileRef = C7951F672AA48590006DF1E6 /* OnboardingProgressView.swift */; };
		C7951F6A2AA48FD4006DF1E6 /* ScapeaColor.swift in Sources */ = {isa = PBXBuildFile; fileRef = C7951F692AA48FD4006DF1E6 /* ScapeaColor.swift */; };
		C7951F6C2AA49459006DF1E6 /* ScapeaImage.swift in Sources */ = {isa = PBXBuildFile; fileRef = C7951F6B2AA49458006DF1E6 /* ScapeaImage.swift */; };
		C7951F702AA49777006DF1E6 /* AuthenticationView.swift in Sources */ = {isa = PBXBuildFile; fileRef = C7951F6F2AA49777006DF1E6 /* AuthenticationView.swift */; };
		C7951F732AA497F1006DF1E6 /* AuthenticationViewModel.swift in Sources */ = {isa = PBXBuildFile; fileRef = C7951F722AA497F1006DF1E6 /* AuthenticationViewModel.swift */; };
		C7951F752AA49E18006DF1E6 /* LoginView.swift in Sources */ = {isa = PBXBuildFile; fileRef = C7951F742AA49E17006DF1E6 /* LoginView.swift */; };
		C7951F772AA49E67006DF1E6 /* LoginViewModel.swift in Sources */ = {isa = PBXBuildFile; fileRef = C7951F762AA49E67006DF1E6 /* LoginViewModel.swift */; };
		C7951F792AA49F4A006DF1E6 /* PasswordField.swift in Sources */ = {isa = PBXBuildFile; fileRef = C7951F782AA49F4A006DF1E6 /* PasswordField.swift */; };
		C7951F7B2AA4A420006DF1E6 /* ScapeaButton.swift in Sources */ = {isa = PBXBuildFile; fileRef = C7951F7A2AA4A420006DF1E6 /* ScapeaButton.swift */; };
		C7A41E302BAAC11000BCD6F5 /* ScapeaBackgroundColor.swift in Sources */ = {isa = PBXBuildFile; fileRef = C7A41E2F2BAAC11000BCD6F5 /* ScapeaBackgroundColor.swift */; };
		C7A41E382BAACF0900BCD6F5 /* MyGardenView.swift in Sources */ = {isa = PBXBuildFile; fileRef = C7A41E372BAACF0900BCD6F5 /* MyGardenView.swift */; };
		C7A41E3D2BAACF5400BCD6F5 /* MarketPlaceView.swift in Sources */ = {isa = PBXBuildFile; fileRef = C7A41E3C2BAACF5400BCD6F5 /* MarketPlaceView.swift */; };
		C7A41E422BAACF7500BCD6F5 /* CommunityView.swift in Sources */ = {isa = PBXBuildFile; fileRef = C7A41E412BAACF7500BCD6F5 /* CommunityView.swift */; };
		C7A41E442BAAF88600BCD6F5 /* MyPlantsView.swift in Sources */ = {isa = PBXBuildFile; fileRef = C7A41E432BAAF88600BCD6F5 /* MyPlantsView.swift */; };
		C7A41E462BAAF8AA00BCD6F5 /* GetServicesView.swift in Sources */ = {isa = PBXBuildFile; fileRef = C7A41E452BAAF8AA00BCD6F5 /* GetServicesView.swift */; };
		C7A41E482BAAF92B00BCD6F5 /* MyPlantCardView.swift in Sources */ = {isa = PBXBuildFile; fileRef = C7A41E472BAAF92B00BCD6F5 /* MyPlantCardView.swift */; };
		C7A41E4A2BAAFB0F00BCD6F5 /* MyPlant.swift in Sources */ = {isa = PBXBuildFile; fileRef = C7A41E492BAAFB0F00BCD6F5 /* MyPlant.swift */; };
		C7A41E4C2BAB051E00BCD6F5 /* ServiceDetailsView.swift in Sources */ = {isa = PBXBuildFile; fileRef = C7A41E4B2BAB051E00BCD6F5 /* ServiceDetailsView.swift */; };
		C7A41E4E2BAB148100BCD6F5 /* MarketItemView.swift in Sources */ = {isa = PBXBuildFile; fileRef = C7A41E4D2BAB148100BCD6F5 /* MarketItemView.swift */; };
		C7A41E502BAB149400BCD6F5 /* MarketItem.swift in Sources */ = {isa = PBXBuildFile; fileRef = C7A41E4F2BAB149400BCD6F5 /* MarketItem.swift */; };
		C7A41E562BAB225500BCD6F5 /* CuratedKitsForm.swift in Sources */ = {isa = PBXBuildFile; fileRef = C7A41E552BAB225500BCD6F5 /* CuratedKitsForm.swift */; };
		C7A7F64B2AA65E1B009B9A2A /* SignUpOtpView.swift in Sources */ = {isa = PBXBuildFile; fileRef = C7A7F64A2AA65E1B009B9A2A /* SignUpOtpView.swift */; };
		C7A7F64D2AA66014009B9A2A /* SelectYourAvatarView.swift in Sources */ = {isa = PBXBuildFile; fileRef = C7A7F64C2AA66014009B9A2A /* SelectYourAvatarView.swift */; };
		C7A7F6552AA66989009B9A2A /* DashboardView.swift in Sources */ = {isa = PBXBuildFile; fileRef = C7A7F6542AA66989009B9A2A /* DashboardView.swift */; };
		C7B84B5B2AB4AF7D009D83ED /* ARObjectPlant.swift in Sources */ = {isa = PBXBuildFile; fileRef = C7B84B5A2AB4AF7D009D83ED /* ARObjectPlant.swift */; };
		C7B84B5C2AB546FD009D83ED /* Tulip.rcproject in Sources */ = {isa = PBXBuildFile; fileRef = C7B84B592AB4AD6D009D83ED /* Tulip.rcproject */; };
		C7CC8DC32AAF82D700E7B5FC /* CustomARView.swift in Sources */ = {isa = PBXBuildFile; fileRef = C7CC8DC22AAF82D700E7B5FC /* CustomARView.swift */; };
		C7CC8DC72AAF849F00E7B5FC /* CustomARViewRepresentable.swift in Sources */ = {isa = PBXBuildFile; fileRef = C7CC8DC62AAF849F00E7B5FC /* CustomARViewRepresentable.swift */; };
		C7CC8DC92AAF854400E7B5FC /* BaseARView.swift in Sources */ = {isa = PBXBuildFile; fileRef = C7CC8DC82AAF854400E7B5FC /* BaseARView.swift */; };
		C7CC8DCC2AB00BF000E7B5FC /* AddObjectView.swift in Sources */ = {isa = PBXBuildFile; fileRef = C7CC8DCB2AB00BF000E7B5FC /* AddObjectView.swift */; };
		C7CC8DD02AB00EA200E7B5FC /* BaseARViewModel.swift in Sources */ = {isa = PBXBuildFile; fileRef = C7CC8DCF2AB00EA200E7B5FC /* BaseARViewModel.swift */; };
		C7CC8DD42AB0266500E7B5FC /* ARAction.swift in Sources */ = {isa = PBXBuildFile; fileRef = C7CC8DD32AB0266500E7B5FC /* ARAction.swift */; };
		C7CC8DD62AB026A700E7B5FC /* ARManager.swift in Sources */ = {isa = PBXBuildFile; fileRef = C7CC8DD52AB026A700E7B5FC /* ARManager.swift */; };
		C7CC8DD82AB0314100E7B5FC /* ARObjectShape.swift in Sources */ = {isa = PBXBuildFile; fileRef = C7CC8DD72AB0314100E7B5FC /* ARObjectShape.swift */; };
		C7CC8DDA2AB153E200E7B5FC /* ARSnapshots.swift in Sources */ = {isa = PBXBuildFile; fileRef = C7CC8DD92AB153E200E7B5FC /* ARSnapshots.swift */; };
		C7CC8DDC2AB154D000E7B5FC /* Storage.swift in Sources */ = {isa = PBXBuildFile; fileRef = C7CC8DDB2AB154D000E7B5FC /* Storage.swift */; };
		C7CC8DDE2AB15E1300E7B5FC /* ARSnapshotsView.swift in Sources */ = {isa = PBXBuildFile; fileRef = C7CC8DDD2AB15E1300E7B5FC /* ARSnapshotsView.swift */; };
		C7CC8DE12AB182E800E7B5FC /* ARSnapshotsGridMode.swift in Sources */ = {isa = PBXBuildFile; fileRef = C7CC8DE02AB182E800E7B5FC /* ARSnapshotsGridMode.swift */; };
		C7CC8DE32AB192DF00E7B5FC /* ARSnapshotsImageView.swift in Sources */ = {isa = PBXBuildFile; fileRef = C7CC8DE22AB192DF00E7B5FC /* ARSnapshotsImageView.swift */; };
		C7E840692AA504A800DC0926 /* SignUpView.swift in Sources */ = {isa = PBXBuildFile; fileRef = C7E840682AA504A800DC0926 /* SignUpView.swift */; };
		C7E8406B2AA504DA00DC0926 /* SignUpViewModel.swift in Sources */ = {isa = PBXBuildFile; fileRef = C7E8406A2AA504DA00DC0926 /* SignUpViewModel.swift */; };
		C7E840702AA50A3100DC0926 /* ForgotPasswordView.swift in Sources */ = {isa = PBXBuildFile; fileRef = C7E8406F2AA50A3100DC0926 /* ForgotPasswordView.swift */; };
/* End PBXBuildFile section */

/* Begin PBXFileReference section */
		C70B40F42AAADB8E0048693B /* ProfileViewModel.swift */ = {isa = PBXFileReference; lastKnownFileType = sourcecode.swift; path = ProfileViewModel.swift; sourceTree = "<group>"; };
		C70B40F92AAAE2F10048693B /* UpdateAvatarView.swift */ = {isa = PBXFileReference; lastKnownFileType = sourcecode.swift; path = UpdateAvatarView.swift; sourceTree = "<group>"; };
		C70B40FB2AAAE3010048693B /* UpdateUsernameView.swift */ = {isa = PBXFileReference; lastKnownFileType = sourcecode.swift; path = UpdateUsernameView.swift; sourceTree = "<group>"; };
		C70B40FD2AAAE30F0048693B /* UpdatePasswordView.swift */ = {isa = PBXFileReference; lastKnownFileType = sourcecode.swift; path = UpdatePasswordView.swift; sourceTree = "<group>"; };
		C70B41012AAB09050048693B /* ScapeaAvatar.swift */ = {isa = PBXFileReference; lastKnownFileType = sourcecode.swift; path = ScapeaAvatar.swift; sourceTree = "<group>"; };
		C70B41052AADC1360048693B /* ScapeaAction.swift */ = {isa = PBXFileReference; lastKnownFileType = sourcecode.swift; path = ScapeaAction.swift; sourceTree = "<group>"; };
		C70B41072AADC22A0048693B /* ActionCardView.swift */ = {isa = PBXFileReference; lastKnownFileType = sourcecode.swift; path = ActionCardView.swift; sourceTree = "<group>"; };
		C70B41092AAE0B140048693B /* HomeViewModel.swift */ = {isa = PBXFileReference; lastKnownFileType = sourcecode.swift; path = HomeViewModel.swift; sourceTree = "<group>"; };
		C70B6AE42AA90DFC000DED0A /* SupportEmail.swift */ = {isa = PBXFileReference; lastKnownFileType = sourcecode.swift; path = SupportEmail.swift; sourceTree = "<group>"; };
		C70B6AE62AA90F08000DED0A /* Bundle+Extension.swift */ = {isa = PBXFileReference; lastKnownFileType = sourcecode.swift; path = "Bundle+Extension.swift"; sourceTree = "<group>"; };
		C70B6AE82AA90F45000DED0A /* SettingsViewModel.swift */ = {isa = PBXFileReference; lastKnownFileType = sourcecode.swift; path = SettingsViewModel.swift; sourceTree = "<group>"; };
		C70FBAEE2AA45F5E0047272B /* Scapea.app */ = {isa = PBXFileReference; explicitFileType = wrapper.application; includeInIndex = 0; path = Scapea.app; sourceTree = BUILT_PRODUCTS_DIR; };
		C70FBAF12AA45F5E0047272B /* ScapeaApp.swift */ = {isa = PBXFileReference; lastKnownFileType = sourcecode.swift; path = ScapeaApp.swift; sourceTree = "<group>"; };
		C70FBAF32AA45F5E0047272B /* ContentView.swift */ = {isa = PBXFileReference; lastKnownFileType = sourcecode.swift; path = ContentView.swift; sourceTree = "<group>"; };
		C70FBAF52AA45F5F0047272B /* Assets.xcassets */ = {isa = PBXFileReference; lastKnownFileType = folder.assetcatalog; path = Assets.xcassets; sourceTree = "<group>"; };
		C70FBAF82AA45F5F0047272B /* Preview Assets.xcassets */ = {isa = PBXFileReference; lastKnownFileType = folder.assetcatalog; path = "Preview Assets.xcassets"; sourceTree = "<group>"; };
		C7208CA32AA7AB9600F5F7D5 /* LaunchScreen.storyboard */ = {isa = PBXFileReference; lastKnownFileType = file.storyboard; path = LaunchScreen.storyboard; sourceTree = "<group>"; };
		C7208CA52AA7B4E900F5F7D5 /* AvatarView.swift */ = {isa = PBXFileReference; lastKnownFileType = sourcecode.swift; path = AvatarView.swift; sourceTree = "<group>"; };
		C7208CA72AA7BA9C00F5F7D5 /* ProfileView.swift */ = {isa = PBXFileReference; lastKnownFileType = sourcecode.swift; path = ProfileView.swift; sourceTree = "<group>"; };
		C7208CA92AA7BAA600F5F7D5 /* HomeView.swift */ = {isa = PBXFileReference; lastKnownFileType = sourcecode.swift; path = HomeView.swift; sourceTree = "<group>"; };
		C7208CAB2AA7BAB300F5F7D5 /* SettingsView.swift */ = {isa = PBXFileReference; lastKnownFileType = sourcecode.swift; path = SettingsView.swift; sourceTree = "<group>"; };
		C7208CAD2AA7BE7300F5F7D5 /* AlertSheetView.swift */ = {isa = PBXFileReference; lastKnownFileType = sourcecode.swift; path = AlertSheetView.swift; sourceTree = "<group>"; };
		C748BB292BABA07B00505355 /* ScapediaView.swift */ = {isa = PBXFileReference; lastKnownFileType = sourcecode.swift; path = ScapediaView.swift; sourceTree = "<group>"; };
		C75774872BAB6C6C0080C021 /* GardenService.swift */ = {isa = PBXFileReference; lastKnownFileType = sourcecode.swift; path = GardenService.swift; sourceTree = "<group>"; };
		C757748E2BAB6FB00080C021 /* GardenServiceView.swift */ = {isa = PBXFileReference; lastKnownFileType = sourcecode.swift; path = GardenServiceView.swift; sourceTree = "<group>"; };
		C75774902BAB86240080C021 /* GardeningGoal.swift */ = {isa = PBXFileReference; lastKnownFileType = sourcecode.swift; path = GardeningGoal.swift; sourceTree = "<group>"; };
		C75774922BAB86A90080C021 /* UserLocation.swift */ = {isa = PBXFileReference; lastKnownFileType = sourcecode.swift; path = UserLocation.swift; sourceTree = "<group>"; };
		C75774942BAB90C40080C021 /* GeneratedKitView.swift */ = {isa = PBXFileReference; lastKnownFileType = sourcecode.swift; path = GeneratedKitView.swift; sourceTree = "<group>"; };
		C75774962BAB97110080C021 /* CommunityBlogView.swift */ = {isa = PBXFileReference; lastKnownFileType = sourcecode.swift; path = CommunityBlogView.swift; sourceTree = "<group>"; };
		C75774982BAB975E0080C021 /* Blog.swift */ = {isa = PBXFileReference; lastKnownFileType = sourcecode.swift; path = Blog.swift; sourceTree = "<group>"; };
		C75BA7F02AA50E41002B9888 /* ForgotPasswordViewModel.swift */ = {isa = PBXFileReference; lastKnownFileType = sourcecode.swift; path = ForgotPasswordViewModel.swift; sourceTree = "<group>"; };
		C75BA7F22AA50EA2002B9888 /* EmailView.swift */ = {isa = PBXFileReference; lastKnownFileType = sourcecode.swift; path = EmailView.swift; sourceTree = "<group>"; };
		C75BA7F42AA510E4002B9888 /* OTPView.swift */ = {isa = PBXFileReference; lastKnownFileType = sourcecode.swift; path = OTPView.swift; sourceTree = "<group>"; };
		C75BA7F62AA510F7002B9888 /* ResetPasswordView.swift */ = {isa = PBXFileReference; lastKnownFileType = sourcecode.swift; path = ResetPasswordView.swift; sourceTree = "<group>"; };
		C7951F582AA461E1006DF1E6 /* OnboardingStep.swift */ = {isa = PBXFileReference; lastKnownFileType = sourcecode.swift; path = OnboardingStep.swift; sourceTree = "<group>"; };
		C7951F5C2AA463B3006DF1E6 /* OnboardingView.swift */ = {isa = PBXFileReference; lastKnownFileType = sourcecode.swift; path = OnboardingView.swift; sourceTree = "<group>"; };
		C7951F612AA463F7006DF1E6 /* OnboardingStepView.swift */ = {isa = PBXFileReference; lastKnownFileType = sourcecode.swift; path = OnboardingStepView.swift; sourceTree = "<group>"; };
		C7951F652AA46787006DF1E6 /* RoundedCorner.swift */ = {isa = PBXFileReference; lastKnownFileType = sourcecode.swift; path = RoundedCorner.swift; sourceTree = "<group>"; };
		C7951F672AA48590006DF1E6 /* OnboardingProgressView.swift */ = {isa = PBXFileReference; lastKnownFileType = sourcecode.swift; path = OnboardingProgressView.swift; sourceTree = "<group>"; };
		C7951F692AA48FD4006DF1E6 /* ScapeaColor.swift */ = {isa = PBXFileReference; lastKnownFileType = sourcecode.swift; path = ScapeaColor.swift; sourceTree = "<group>"; };
		C7951F6B2AA49458006DF1E6 /* ScapeaImage.swift */ = {isa = PBXFileReference; lastKnownFileType = sourcecode.swift; path = ScapeaImage.swift; sourceTree = "<group>"; };
		C7951F6F2AA49777006DF1E6 /* AuthenticationView.swift */ = {isa = PBXFileReference; lastKnownFileType = sourcecode.swift; path = AuthenticationView.swift; sourceTree = "<group>"; };
		C7951F722AA497F1006DF1E6 /* AuthenticationViewModel.swift */ = {isa = PBXFileReference; lastKnownFileType = sourcecode.swift; path = AuthenticationViewModel.swift; sourceTree = "<group>"; };
		C7951F742AA49E17006DF1E6 /* LoginView.swift */ = {isa = PBXFileReference; lastKnownFileType = sourcecode.swift; path = LoginView.swift; sourceTree = "<group>"; };
		C7951F762AA49E67006DF1E6 /* LoginViewModel.swift */ = {isa = PBXFileReference; lastKnownFileType = sourcecode.swift; path = LoginViewModel.swift; sourceTree = "<group>"; };
		C7951F782AA49F4A006DF1E6 /* PasswordField.swift */ = {isa = PBXFileReference; lastKnownFileType = sourcecode.swift; path = PasswordField.swift; sourceTree = "<group>"; };
		C7951F7A2AA4A420006DF1E6 /* ScapeaButton.swift */ = {isa = PBXFileReference; lastKnownFileType = sourcecode.swift; path = ScapeaButton.swift; sourceTree = "<group>"; };
		C7A41E2F2BAAC11000BCD6F5 /* ScapeaBackgroundColor.swift */ = {isa = PBXFileReference; lastKnownFileType = sourcecode.swift; path = ScapeaBackgroundColor.swift; sourceTree = "<group>"; };
		C7A41E372BAACF0900BCD6F5 /* MyGardenView.swift */ = {isa = PBXFileReference; lastKnownFileType = sourcecode.swift; path = MyGardenView.swift; sourceTree = "<group>"; };
		C7A41E3C2BAACF5400BCD6F5 /* MarketPlaceView.swift */ = {isa = PBXFileReference; lastKnownFileType = sourcecode.swift; path = MarketPlaceView.swift; sourceTree = "<group>"; };
		C7A41E412BAACF7500BCD6F5 /* CommunityView.swift */ = {isa = PBXFileReference; lastKnownFileType = sourcecode.swift; path = CommunityView.swift; sourceTree = "<group>"; };
		C7A41E432BAAF88600BCD6F5 /* MyPlantsView.swift */ = {isa = PBXFileReference; lastKnownFileType = sourcecode.swift; path = MyPlantsView.swift; sourceTree = "<group>"; };
		C7A41E452BAAF8AA00BCD6F5 /* GetServicesView.swift */ = {isa = PBXFileReference; lastKnownFileType = sourcecode.swift; path = GetServicesView.swift; sourceTree = "<group>"; };
		C7A41E472BAAF92B00BCD6F5 /* MyPlantCardView.swift */ = {isa = PBXFileReference; lastKnownFileType = sourcecode.swift; path = MyPlantCardView.swift; sourceTree = "<group>"; };
		C7A41E492BAAFB0F00BCD6F5 /* MyPlant.swift */ = {isa = PBXFileReference; lastKnownFileType = sourcecode.swift; path = MyPlant.swift; sourceTree = "<group>"; };
		C7A41E4B2BAB051E00BCD6F5 /* ServiceDetailsView.swift */ = {isa = PBXFileReference; lastKnownFileType = sourcecode.swift; path = ServiceDetailsView.swift; sourceTree = "<group>"; };
		C7A41E4D2BAB148100BCD6F5 /* MarketItemView.swift */ = {isa = PBXFileReference; lastKnownFileType = sourcecode.swift; path = MarketItemView.swift; sourceTree = "<group>"; };
		C7A41E4F2BAB149400BCD6F5 /* MarketItem.swift */ = {isa = PBXFileReference; lastKnownFileType = sourcecode.swift; path = MarketItem.swift; sourceTree = "<group>"; };
		C7A41E552BAB225500BCD6F5 /* CuratedKitsForm.swift */ = {isa = PBXFileReference; lastKnownFileType = sourcecode.swift; path = CuratedKitsForm.swift; sourceTree = "<group>"; };
		C7A7F64A2AA65E1B009B9A2A /* SignUpOtpView.swift */ = {isa = PBXFileReference; lastKnownFileType = sourcecode.swift; path = SignUpOtpView.swift; sourceTree = "<group>"; };
		C7A7F64C2AA66014009B9A2A /* SelectYourAvatarView.swift */ = {isa = PBXFileReference; lastKnownFileType = sourcecode.swift; path = SelectYourAvatarView.swift; sourceTree = "<group>"; };
		C7A7F6542AA66989009B9A2A /* DashboardView.swift */ = {isa = PBXFileReference; lastKnownFileType = sourcecode.swift; path = DashboardView.swift; sourceTree = "<group>"; };
		C7B84B592AB4AD6D009D83ED /* Tulip.rcproject */ = {isa = PBXFileReference; lastKnownFileType = file.rcproject; path = Tulip.rcproject; sourceTree = "<group>"; };
		C7B84B5A2AB4AF7D009D83ED /* ARObjectPlant.swift */ = {isa = PBXFileReference; lastKnownFileType = sourcecode.swift; path = ARObjectPlant.swift; sourceTree = "<group>"; };
		C7CC8DC22AAF82D700E7B5FC /* CustomARView.swift */ = {isa = PBXFileReference; lastKnownFileType = sourcecode.swift; path = CustomARView.swift; sourceTree = "<group>"; };
		C7CC8DC62AAF849F00E7B5FC /* CustomARViewRepresentable.swift */ = {isa = PBXFileReference; lastKnownFileType = sourcecode.swift; path = CustomARViewRepresentable.swift; sourceTree = "<group>"; };
		C7CC8DC82AAF854400E7B5FC /* BaseARView.swift */ = {isa = PBXFileReference; lastKnownFileType = sourcecode.swift; path = BaseARView.swift; sourceTree = "<group>"; };
		C7CC8DCB2AB00BF000E7B5FC /* AddObjectView.swift */ = {isa = PBXFileReference; lastKnownFileType = sourcecode.swift; path = AddObjectView.swift; sourceTree = "<group>"; };
		C7CC8DCF2AB00EA200E7B5FC /* BaseARViewModel.swift */ = {isa = PBXFileReference; lastKnownFileType = sourcecode.swift; path = BaseARViewModel.swift; sourceTree = "<group>"; };
		C7CC8DD32AB0266500E7B5FC /* ARAction.swift */ = {isa = PBXFileReference; lastKnownFileType = sourcecode.swift; path = ARAction.swift; sourceTree = "<group>"; };
		C7CC8DD52AB026A700E7B5FC /* ARManager.swift */ = {isa = PBXFileReference; lastKnownFileType = sourcecode.swift; path = ARManager.swift; sourceTree = "<group>"; };
		C7CC8DD72AB0314100E7B5FC /* ARObjectShape.swift */ = {isa = PBXFileReference; lastKnownFileType = sourcecode.swift; path = ARObjectShape.swift; sourceTree = "<group>"; };
		C7CC8DD92AB153E200E7B5FC /* ARSnapshots.swift */ = {isa = PBXFileReference; lastKnownFileType = sourcecode.swift; path = ARSnapshots.swift; sourceTree = "<group>"; };
		C7CC8DDB2AB154D000E7B5FC /* Storage.swift */ = {isa = PBXFileReference; lastKnownFileType = sourcecode.swift; path = Storage.swift; sourceTree = "<group>"; };
		C7CC8DDD2AB15E1300E7B5FC /* ARSnapshotsView.swift */ = {isa = PBXFileReference; lastKnownFileType = sourcecode.swift; path = ARSnapshotsView.swift; sourceTree = "<group>"; };
		C7CC8DE02AB182E800E7B5FC /* ARSnapshotsGridMode.swift */ = {isa = PBXFileReference; lastKnownFileType = sourcecode.swift; path = ARSnapshotsGridMode.swift; sourceTree = "<group>"; };
		C7CC8DE22AB192DF00E7B5FC /* ARSnapshotsImageView.swift */ = {isa = PBXFileReference; lastKnownFileType = sourcecode.swift; path = ARSnapshotsImageView.swift; sourceTree = "<group>"; };
		C7E840682AA504A800DC0926 /* SignUpView.swift */ = {isa = PBXFileReference; lastKnownFileType = sourcecode.swift; path = SignUpView.swift; sourceTree = "<group>"; };
		C7E8406A2AA504DA00DC0926 /* SignUpViewModel.swift */ = {isa = PBXFileReference; lastKnownFileType = sourcecode.swift; path = SignUpViewModel.swift; sourceTree = "<group>"; };
		C7E8406F2AA50A3100DC0926 /* ForgotPasswordView.swift */ = {isa = PBXFileReference; lastKnownFileType = sourcecode.swift; path = ForgotPasswordView.swift; sourceTree = "<group>"; };
/* End PBXFileReference section */

/* Begin PBXFrameworksBuildPhase section */
		C70FBAEB2AA45F5E0047272B /* Frameworks */ = {
			isa = PBXFrameworksBuildPhase;
			buildActionMask = 2147483647;
			files = (
			);
			runOnlyForDeploymentPostprocessing = 0;
		};
/* End PBXFrameworksBuildPhase section */

/* Begin PBXGroup section */
		C70B40F62AAADE410048693B /* Profile */ = {
			isa = PBXGroup;
			children = (
				C7CC8DDF2AB182C700E7B5FC /* Model */,
				C74E13A22AB37C75005E5DB5 /* ViewModel */,
				C74E13A32AB37C85005E5DB5 /* View */,
			);
			path = Profile;
			sourceTree = "<group>";
		};
		C70B40F72AAADE4A0048693B /* Home */ = {
			isa = PBXGroup;
			children = (
				C74E13A72AB37CCF005E5DB5 /* Base */,
				C7CC8DC02AAF715400E7B5FC /* AR */,
				C7A41E512BAB21DB00BCD6F5 /* Curated Kits */,
			);
			path = Home;
			sourceTree = "<group>";
		};
		C70B40F82AAADE520048693B /* Settings */ = {
			isa = PBXGroup;
			children = (
				C74E13A62AB37CB1005E5DB5 /* Model */,
				C74E13A52AB37CAB005E5DB5 /* ViewModel */,
				C74E13A42AB37CA3005E5DB5 /* View */,
			);
			path = Settings;
			sourceTree = "<group>";
		};
		C70B40FF2AAB08D40048693B /* Model */ = {
			isa = PBXGroup;
			children = (
				C7951F692AA48FD4006DF1E6 /* ScapeaColor.swift */,
				C7951F6B2AA49458006DF1E6 /* ScapeaImage.swift */,
				C70B41012AAB09050048693B /* ScapeaAvatar.swift */,
				C7CC8DDB2AB154D000E7B5FC /* Storage.swift */,
			);
			path = Model;
			sourceTree = "<group>";
		};
		C70B41002AAB08DE0048693B /* View */ = {
			isa = PBXGroup;
			children = (
				C7951F652AA46787006DF1E6 /* RoundedCorner.swift */,
				C7951F782AA49F4A006DF1E6 /* PasswordField.swift */,
				C7951F7A2AA4A420006DF1E6 /* ScapeaButton.swift */,
				C7208CAD2AA7BE7300F5F7D5 /* AlertSheetView.swift */,
				C7208CA52AA7B4E900F5F7D5 /* AvatarView.swift */,
			);
			path = View;
			sourceTree = "<group>";
		};
		C70FBAE52AA45F5E0047272B = {
			isa = PBXGroup;
			children = (
				C70FBAF02AA45F5E0047272B /* Scapea */,
				C70FBAEF2AA45F5E0047272B /* Products */,
			);
			sourceTree = "<group>";
		};
		C70FBAEF2AA45F5E0047272B /* Products */ = {
			isa = PBXGroup;
			children = (
				C70FBAEE2AA45F5E0047272B /* Scapea.app */,
			);
			name = Products;
			sourceTree = "<group>";
		};
		C70FBAF02AA45F5E0047272B /* Scapea */ = {
			isa = PBXGroup;
			children = (
				C70FBAF12AA45F5E0047272B /* ScapeaApp.swift */,
				C70FBAF32AA45F5E0047272B /* ContentView.swift */,
				C70FBAFF2AA45FA70047272B /* Core */,
				C70FBAF52AA45F5F0047272B /* Assets.xcassets */,
				C70FBAF72AA45F5F0047272B /* Preview Content */,
			);
			path = Scapea;
			sourceTree = "<group>";
		};
		C70FBAF72AA45F5F0047272B /* Preview Content */ = {
			isa = PBXGroup;
			children = (
				C70FBAF82AA45F5F0047272B /* Preview Assets.xcassets */,
			);
			path = "Preview Content";
			sourceTree = "<group>";
		};
		C70FBAFF2AA45FA70047272B /* Core */ = {
			isa = PBXGroup;
			children = (
				C7951F642AA4676F006DF1E6 /* Utilities */,
				C7208CA22AA7AB7900F5F7D5 /* Launch Screen */,
				C7951F552AA461A2006DF1E6 /* Onboarding */,
				C7951F532AA460DC006DF1E6 /* Authentication */,
				C7951F542AA460E6006DF1E6 /* Dashboard */,
				C7B84B592AB4AD6D009D83ED /* Tulip.rcproject */,
			);
			path = Core;
			sourceTree = "<group>";
		};
		C7208CA22AA7AB7900F5F7D5 /* Launch Screen */ = {
			isa = PBXGroup;
			children = (
				C7208CA32AA7AB9600F5F7D5 /* LaunchScreen.storyboard */,
			);
			path = "Launch Screen";
			sourceTree = "<group>";
		};
		C74E13A22AB37C75005E5DB5 /* ViewModel */ = {
			isa = PBXGroup;
			children = (
				C70B40F42AAADB8E0048693B /* ProfileViewModel.swift */,
			);
			path = ViewModel;
			sourceTree = "<group>";
		};
		C74E13A32AB37C85005E5DB5 /* View */ = {
			isa = PBXGroup;
			children = (
				C7208CA72AA7BA9C00F5F7D5 /* ProfileView.swift */,
				C70B40F92AAAE2F10048693B /* UpdateAvatarView.swift */,
				C70B40FB2AAAE3010048693B /* UpdateUsernameView.swift */,
				C70B40FD2AAAE30F0048693B /* UpdatePasswordView.swift */,
				C7CC8DDD2AB15E1300E7B5FC /* ARSnapshotsView.swift */,
				C7CC8DE22AB192DF00E7B5FC /* ARSnapshotsImageView.swift */,
			);
			path = View;
			sourceTree = "<group>";
		};
		C74E13A42AB37CA3005E5DB5 /* View */ = {
			isa = PBXGroup;
			children = (
				C7208CAB2AA7BAB300F5F7D5 /* SettingsView.swift */,
			);
			path = View;
			sourceTree = "<group>";
		};
		C74E13A52AB37CAB005E5DB5 /* ViewModel */ = {
			isa = PBXGroup;
			children = (
				C70B6AE82AA90F45000DED0A /* SettingsViewModel.swift */,
			);
			path = ViewModel;
			sourceTree = "<group>";
		};
		C74E13A62AB37CB1005E5DB5 /* Model */ = {
			isa = PBXGroup;
			children = (
				C70B6AE42AA90DFC000DED0A /* SupportEmail.swift */,
				C70B6AE62AA90F08000DED0A /* Bundle+Extension.swift */,
			);
			path = Model;
			sourceTree = "<group>";
		};
		C74E13A72AB37CCF005E5DB5 /* Base */ = {
			isa = PBXGroup;
			children = (
				C74E13AA2AB37CE5005E5DB5 /* Model */,
				C74E13A92AB37CDF005E5DB5 /* ViewModel */,
				C74E13A82AB37CD9005E5DB5 /* View */,
			);
			path = Base;
			sourceTree = "<group>";
		};
		C74E13A82AB37CD9005E5DB5 /* View */ = {
			isa = PBXGroup;
			children = (
				C7208CA92AA7BAA600F5F7D5 /* HomeView.swift */,
				C70B41072AADC22A0048693B /* ActionCardView.swift */,
			);
			path = View;
			sourceTree = "<group>";
		};
		C74E13A92AB37CDF005E5DB5 /* ViewModel */ = {
			isa = PBXGroup;
			children = (
				C70B41092AAE0B140048693B /* HomeViewModel.swift */,
			);
			path = ViewModel;
			sourceTree = "<group>";
		};
		C74E13AA2AB37CE5005E5DB5 /* Model */ = {
			isa = PBXGroup;
			children = (
				C70B41052AADC1360048693B /* ScapeaAction.swift */,
			);
			path = Model;
			sourceTree = "<group>";
		};
		C75774892BAB6EEE0080C021 /* My plants */ = {
			isa = PBXGroup;
			children = (
				C7A41E362BAACEF100BCD6F5 /* Model */,
				C7A41E342BAACEE600BCD6F5 /* View */,
				C7A41E352BAACEEC00BCD6F5 /* View Model */,
			);
			path = "My plants";
			sourceTree = "<group>";
		};
		C757748A2BAB6EF60080C021 /* Garden Service */ = {
			isa = PBXGroup;
			children = (
				C757748D2BAB6F3D0080C021 /* Model */,
				C757748C2BAB6F390080C021 /* View */,
				C757748B2BAB6F300080C021 /* View Model */,
			);
			path = "Garden Service";
			sourceTree = "<group>";
		};
		C757748B2BAB6F300080C021 /* View Model */ = {
			isa = PBXGroup;
			children = (
			);
			path = "View Model";
			sourceTree = "<group>";
		};
		C757748C2BAB6F390080C021 /* View */ = {
			isa = PBXGroup;
			children = (
				C7A41E452BAAF8AA00BCD6F5 /* GetServicesView.swift */,
				C7A41E4B2BAB051E00BCD6F5 /* ServiceDetailsView.swift */,
				C757748E2BAB6FB00080C021 /* GardenServiceView.swift */,
			);
			path = View;
			sourceTree = "<group>";
		};
		C757748D2BAB6F3D0080C021 /* Model */ = {
			isa = PBXGroup;
			children = (
				C75774872BAB6C6C0080C021 /* GardenService.swift */,
			);
			path = Model;
			sourceTree = "<group>";
		};
		C7951F532AA460DC006DF1E6 /* Authentication */ = {
			isa = PBXGroup;
			children = (
				C7951F6D2AA4973D006DF1E6 /* Model */,
				C7951F6E2AA49744006DF1E6 /* View */,
				C7951F712AA497DA006DF1E6 /* ViewModel */,
			);
			path = Authentication;
			sourceTree = "<group>";
		};
		C7951F542AA460E6006DF1E6 /* Dashboard */ = {
			isa = PBXGroup;
			children = (
				C7A7F6542AA66989009B9A2A /* DashboardView.swift */,
				C748BB292BABA07B00505355 /* ScapediaView.swift */,
				C70B40F72AAADE4A0048693B /* Home */,
				C7A41E312BAACC1D00BCD6F5 /* My Garden */,
				C7A41E322BAACC2700BCD6F5 /* Market Place */,
				C7A41E332BAACC5E00BCD6F5 /* Community */,
				C70B40F62AAADE410048693B /* Profile */,
				C70B40F82AAADE520048693B /* Settings */,
				C7A41E2F2BAAC11000BCD6F5 /* ScapeaBackgroundColor.swift */,
			);
			path = Dashboard;
			sourceTree = "<group>";
		};
		C7951F552AA461A2006DF1E6 /* Onboarding */ = {
			isa = PBXGroup;
			children = (
				C7951F562AA461BF006DF1E6 /* Model */,
				C7951F572AA461C4006DF1E6 /* View */,
			);
			path = Onboarding;
			sourceTree = "<group>";
		};
		C7951F562AA461BF006DF1E6 /* Model */ = {
			isa = PBXGroup;
			children = (
				C7951F582AA461E1006DF1E6 /* OnboardingStep.swift */,
			);
			path = Model;
			sourceTree = "<group>";
		};
		C7951F572AA461C4006DF1E6 /* View */ = {
			isa = PBXGroup;
			children = (
				C7951F5C2AA463B3006DF1E6 /* OnboardingView.swift */,
				C7951F612AA463F7006DF1E6 /* OnboardingStepView.swift */,
				C7951F672AA48590006DF1E6 /* OnboardingProgressView.swift */,
			);
			path = View;
			sourceTree = "<group>";
		};
		C7951F642AA4676F006DF1E6 /* Utilities */ = {
			isa = PBXGroup;
			children = (
				C70B40FF2AAB08D40048693B /* Model */,
				C70B41002AAB08DE0048693B /* View */,
			);
			path = Utilities;
			sourceTree = "<group>";
		};
		C7951F6D2AA4973D006DF1E6 /* Model */ = {
			isa = PBXGroup;
			children = (
			);
			path = Model;
			sourceTree = "<group>";
		};
		C7951F6E2AA49744006DF1E6 /* View */ = {
			isa = PBXGroup;
			children = (
				C7951F6F2AA49777006DF1E6 /* AuthenticationView.swift */,
				C7E8406C2AA509F000DC0926 /* Login */,
				C7E8406E2AA50A0600DC0926 /* Forgot Password */,
				C7E8406D2AA509FF00DC0926 /* Sign Up */,
			);
			path = View;
			sourceTree = "<group>";
		};
		C7951F712AA497DA006DF1E6 /* ViewModel */ = {
			isa = PBXGroup;
			children = (
				C7951F722AA497F1006DF1E6 /* AuthenticationViewModel.swift */,
				C7951F762AA49E67006DF1E6 /* LoginViewModel.swift */,
				C7E8406A2AA504DA00DC0926 /* SignUpViewModel.swift */,
				C75BA7F02AA50E41002B9888 /* ForgotPasswordViewModel.swift */,
			);
			path = ViewModel;
			sourceTree = "<group>";
		};
		C7A41E312BAACC1D00BCD6F5 /* My Garden */ = {
			isa = PBXGroup;
			children = (
				C7A41E372BAACF0900BCD6F5 /* MyGardenView.swift */,
				C75774892BAB6EEE0080C021 /* My plants */,
				C757748A2BAB6EF60080C021 /* Garden Service */,
			);
			path = "My Garden";
			sourceTree = "<group>";
		};
		C7A41E322BAACC2700BCD6F5 /* Market Place */ = {
			isa = PBXGroup;
			children = (
				C7A41E3B2BAACF3C00BCD6F5 /* Model */,
				C7A41E3A2BAACF3200BCD6F5 /* View */,
				C7A41E392BAACF2800BCD6F5 /* View Model */,
			);
			path = "Market Place";
			sourceTree = "<group>";
		};
		C7A41E332BAACC5E00BCD6F5 /* Community */ = {
			isa = PBXGroup;
			children = (
				C7A41E402BAACF6600BCD6F5 /* Model */,
				C7A41E3F2BAACF6100BCD6F5 /* View */,
				C7A41E3E2BAACF5A00BCD6F5 /* View Model */,
			);
			path = Community;
			sourceTree = "<group>";
		};
		C7A41E342BAACEE600BCD6F5 /* View */ = {
			isa = PBXGroup;
			children = (
				C7A41E432BAAF88600BCD6F5 /* MyPlantsView.swift */,
				C7A41E472BAAF92B00BCD6F5 /* MyPlantCardView.swift */,
			);
			path = View;
			sourceTree = "<group>";
		};
		C7A41E352BAACEEC00BCD6F5 /* View Model */ = {
			isa = PBXGroup;
			children = (
			);
			path = "View Model";
			sourceTree = "<group>";
		};
		C7A41E362BAACEF100BCD6F5 /* Model */ = {
			isa = PBXGroup;
			children = (
				C7A41E492BAAFB0F00BCD6F5 /* MyPlant.swift */,
			);
			path = Model;
			sourceTree = "<group>";
		};
		C7A41E392BAACF2800BCD6F5 /* View Model */ = {
			isa = PBXGroup;
			children = (
			);
			path = "View Model";
			sourceTree = "<group>";
		};
		C7A41E3A2BAACF3200BCD6F5 /* View */ = {
			isa = PBXGroup;
			children = (
				C7A41E3C2BAACF5400BCD6F5 /* MarketPlaceView.swift */,
				C7A41E4D2BAB148100BCD6F5 /* MarketItemView.swift */,
			);
			path = View;
			sourceTree = "<group>";
		};
		C7A41E3B2BAACF3C00BCD6F5 /* Model */ = {
			isa = PBXGroup;
			children = (
				C7A41E4F2BAB149400BCD6F5 /* MarketItem.swift */,
			);
			path = Model;
			sourceTree = "<group>";
		};
		C7A41E3E2BAACF5A00BCD6F5 /* View Model */ = {
			isa = PBXGroup;
			children = (
			);
			path = "View Model";
			sourceTree = "<group>";
		};
		C7A41E3F2BAACF6100BCD6F5 /* View */ = {
			isa = PBXGroup;
			children = (
				C7A41E412BAACF7500BCD6F5 /* CommunityView.swift */,
				C75774962BAB97110080C021 /* CommunityBlogView.swift */,
			);
			path = View;
			sourceTree = "<group>";
		};
		C7A41E402BAACF6600BCD6F5 /* Model */ = {
			isa = PBXGroup;
			children = (
				C75774982BAB975E0080C021 /* Blog.swift */,
			);
			path = Model;
			sourceTree = "<group>";
		};
		C7A41E512BAB21DB00BCD6F5 /* Curated Kits */ = {
			isa = PBXGroup;
			children = (
				C7A41E542BAB220F00BCD6F5 /* Model */,
				C7A41E532BAB220800BCD6F5 /* View */,
				C7A41E522BAB21E900BCD6F5 /* View Model */,
			);
			path = "Curated Kits";
			sourceTree = "<group>";
		};
		C7A41E522BAB21E900BCD6F5 /* View Model */ = {
			isa = PBXGroup;
			children = (
			);
			path = "View Model";
			sourceTree = "<group>";
		};
		C7A41E532BAB220800BCD6F5 /* View */ = {
			isa = PBXGroup;
			children = (
				C7A41E552BAB225500BCD6F5 /* CuratedKitsForm.swift */,
				C75774942BAB90C40080C021 /* GeneratedKitView.swift */,
			);
			path = View;
			sourceTree = "<group>";
		};
		C7A41E542BAB220F00BCD6F5 /* Model */ = {
			isa = PBXGroup;
			children = (
				C75774902BAB86240080C021 /* GardeningGoal.swift */,
				C75774922BAB86A90080C021 /* UserLocation.swift */,
			);
			path = Model;
			sourceTree = "<group>";
		};
		C7CC8DC02AAF715400E7B5FC /* AR */ = {
			isa = PBXGroup;
			children = (
				C7CC8DD12AB0265100E7B5FC /* Model */,
				C7CC8DCE2AB00E8C00E7B5FC /* ViewModel */,
				C7CC8DCD2AB00E8700E7B5FC /* View */,
			);
			path = AR;
			sourceTree = "<group>";
		};
		C7CC8DCD2AB00E8700E7B5FC /* View */ = {
			isa = PBXGroup;
			children = (
				C7CC8DC82AAF854400E7B5FC /* BaseARView.swift */,
				C7CC8DC22AAF82D700E7B5FC /* CustomARView.swift */,
				C7CC8DC62AAF849F00E7B5FC /* CustomARViewRepresentable.swift */,
				C7CC8DCB2AB00BF000E7B5FC /* AddObjectView.swift */,
			);
			path = View;
			sourceTree = "<group>";
		};
		C7CC8DCE2AB00E8C00E7B5FC /* ViewModel */ = {
			isa = PBXGroup;
			children = (
				C7CC8DCF2AB00EA200E7B5FC /* BaseARViewModel.swift */,
			);
			path = ViewModel;
			sourceTree = "<group>";
		};
		C7CC8DD12AB0265100E7B5FC /* Model */ = {
			isa = PBXGroup;
			children = (
				C7CC8DD32AB0266500E7B5FC /* ARAction.swift */,
				C7CC8DD52AB026A700E7B5FC /* ARManager.swift */,
				C7CC8DD72AB0314100E7B5FC /* ARObjectShape.swift */,
				C7CC8DD92AB153E200E7B5FC /* ARSnapshots.swift */,
				C7B84B5A2AB4AF7D009D83ED /* ARObjectPlant.swift */,
			);
			path = Model;
			sourceTree = "<group>";
		};
		C7CC8DDF2AB182C700E7B5FC /* Model */ = {
			isa = PBXGroup;
			children = (
				C7CC8DE02AB182E800E7B5FC /* ARSnapshotsGridMode.swift */,
			);
			path = Model;
			sourceTree = "<group>";
		};
		C7E8406C2AA509F000DC0926 /* Login */ = {
			isa = PBXGroup;
			children = (
				C7951F742AA49E17006DF1E6 /* LoginView.swift */,
			);
			path = Login;
			sourceTree = "<group>";
		};
		C7E8406D2AA509FF00DC0926 /* Sign Up */ = {
			isa = PBXGroup;
			children = (
				C7E840682AA504A800DC0926 /* SignUpView.swift */,
				C7A7F64A2AA65E1B009B9A2A /* SignUpOtpView.swift */,
				C7A7F64C2AA66014009B9A2A /* SelectYourAvatarView.swift */,
			);
			path = "Sign Up";
			sourceTree = "<group>";
		};
		C7E8406E2AA50A0600DC0926 /* Forgot Password */ = {
			isa = PBXGroup;
			children = (
				C7E8406F2AA50A3100DC0926 /* ForgotPasswordView.swift */,
				C75BA7F22AA50EA2002B9888 /* EmailView.swift */,
				C75BA7F42AA510E4002B9888 /* OTPView.swift */,
				C75BA7F62AA510F7002B9888 /* ResetPasswordView.swift */,
			);
			path = "Forgot Password";
			sourceTree = "<group>";
		};
/* End PBXGroup section */

/* Begin PBXNativeTarget section */
		C70FBAED2AA45F5E0047272B /* Scapea */ = {
			isa = PBXNativeTarget;
			buildConfigurationList = C70FBAFC2AA45F5F0047272B /* Build configuration list for PBXNativeTarget "Scapea" */;
			buildPhases = (
				C70FBAEA2AA45F5E0047272B /* Sources */,
				C70FBAEB2AA45F5E0047272B /* Frameworks */,
				C70FBAEC2AA45F5E0047272B /* Resources */,
			);
			buildRules = (
			);
			dependencies = (
			);
			name = Scapea;
			productName = Scapea;
			productReference = C70FBAEE2AA45F5E0047272B /* Scapea.app */;
			productType = "com.apple.product-type.application";
		};
/* End PBXNativeTarget section */

/* Begin PBXProject section */
		C70FBAE62AA45F5E0047272B /* Project object */ = {
			isa = PBXProject;
			attributes = {
				BuildIndependentTargetsInParallel = 1;
				LastSwiftUpdateCheck = 1430;
				LastUpgradeCheck = 1430;
				TargetAttributes = {
					C70FBAED2AA45F5E0047272B = {
						CreatedOnToolsVersion = 14.3.1;
					};
				};
			};
			buildConfigurationList = C70FBAE92AA45F5E0047272B /* Build configuration list for PBXProject "Scapea" */;
			compatibilityVersion = "Xcode 14.0";
			developmentRegion = en;
			hasScannedForEncodings = 0;
			knownRegions = (
				en,
				Base,
			);
			mainGroup = C70FBAE52AA45F5E0047272B;
			productRefGroup = C70FBAEF2AA45F5E0047272B /* Products */;
			projectDirPath = "";
			projectRoot = "";
			targets = (
				C70FBAED2AA45F5E0047272B /* Scapea */,
			);
		};
/* End PBXProject section */

/* Begin PBXResourcesBuildPhase section */
		C70FBAEC2AA45F5E0047272B /* Resources */ = {
			isa = PBXResourcesBuildPhase;
			buildActionMask = 2147483647;
			files = (
				C7208CA42AA7AB9600F5F7D5 /* LaunchScreen.storyboard in Resources */,
				C70FBAF92AA45F5F0047272B /* Preview Assets.xcassets in Resources */,
				C70FBAF62AA45F5F0047272B /* Assets.xcassets in Resources */,
			);
			runOnlyForDeploymentPostprocessing = 0;
		};
/* End PBXResourcesBuildPhase section */

/* Begin PBXSourcesBuildPhase section */
		C70FBAEA2AA45F5E0047272B /* Sources */ = {
			isa = PBXSourcesBuildPhase;
			buildActionMask = 2147483647;
			files = (
				C7951F6A2AA48FD4006DF1E6 /* ScapeaColor.swift in Sources */,
				C7208CAA2AA7BAA600F5F7D5 /* HomeView.swift in Sources */,
				C7208CA82AA7BA9C00F5F7D5 /* ProfileView.swift in Sources */,
				C7E8406B2AA504DA00DC0926 /* SignUpViewModel.swift in Sources */,
				C7A41E482BAAF92B00BCD6F5 /* MyPlantCardView.swift in Sources */,
				C7951F7B2AA4A420006DF1E6 /* ScapeaButton.swift in Sources */,
				C7A41E382BAACF0900BCD6F5 /* MyGardenView.swift in Sources */,
				C7CC8DE32AB192DF00E7B5FC /* ARSnapshotsImageView.swift in Sources */,
				C75774912BAB86240080C021 /* GardeningGoal.swift in Sources */,
				C7951F662AA46787006DF1E6 /* RoundedCorner.swift in Sources */,
				C7CC8DDA2AB153E200E7B5FC /* ARSnapshots.swift in Sources */,
				C7951F682AA48590006DF1E6 /* OnboardingProgressView.swift in Sources */,
				C7A41E4C2BAB051E00BCD6F5 /* ServiceDetailsView.swift in Sources */,
				C7208CAE2AA7BE7300F5F7D5 /* AlertSheetView.swift in Sources */,
				C7CC8DDE2AB15E1300E7B5FC /* ARSnapshotsView.swift in Sources */,
				C70B6AE92AA90F45000DED0A /* SettingsViewModel.swift in Sources */,
				C7A41E3D2BAACF5400BCD6F5 /* MarketPlaceView.swift in Sources */,
				C70B40FC2AAAE3010048693B /* UpdateUsernameView.swift in Sources */,
				C70FBAF42AA45F5E0047272B /* ContentView.swift in Sources */,
				C748BB2A2BABA07B00505355 /* ScapediaView.swift in Sources */,
				C7951F732AA497F1006DF1E6 /* AuthenticationViewModel.swift in Sources */,
				C7A7F6552AA66989009B9A2A /* DashboardView.swift in Sources */,
				C75774932BAB86A90080C021 /* UserLocation.swift in Sources */,
				C7A41E302BAAC11000BCD6F5 /* ScapeaBackgroundColor.swift in Sources */,
				C70B41022AAB09050048693B /* ScapeaAvatar.swift in Sources */,
				C75BA7F72AA510F7002B9888 /* ResetPasswordView.swift in Sources */,
				C7A41E562BAB225500BCD6F5 /* CuratedKitsForm.swift in Sources */,
				C7951F702AA49777006DF1E6 /* AuthenticationView.swift in Sources */,
				C75774992BAB975E0080C021 /* Blog.swift in Sources */,
				C7951F752AA49E18006DF1E6 /* LoginView.swift in Sources */,
				C75BA7F32AA50EA2002B9888 /* EmailView.swift in Sources */,
				C7951F5D2AA463B3006DF1E6 /* OnboardingView.swift in Sources */,
				C7A41E502BAB149400BCD6F5 /* MarketItem.swift in Sources */,
				C7B84B5B2AB4AF7D009D83ED /* ARObjectPlant.swift in Sources */,
				C7951F772AA49E67006DF1E6 /* LoginViewModel.swift in Sources */,
				C7951F622AA463F7006DF1E6 /* OnboardingStepView.swift in Sources */,
				C7CC8DD62AB026A700E7B5FC /* ARManager.swift in Sources */,
				C7CC8DD82AB0314100E7B5FC /* ARObjectShape.swift in Sources */,
				C7CC8DDC2AB154D000E7B5FC /* Storage.swift in Sources */,
				C7951F592AA461E1006DF1E6 /* OnboardingStep.swift in Sources */,
				C70B410A2AAE0B140048693B /* HomeViewModel.swift in Sources */,
				C7A41E4E2BAB148100BCD6F5 /* MarketItemView.swift in Sources */,
				C70B40FE2AAAE30F0048693B /* UpdatePasswordView.swift in Sources */,
				C7CC8DC72AAF849F00E7B5FC /* CustomARViewRepresentable.swift in Sources */,
				C7CC8DD42AB0266500E7B5FC /* ARAction.swift in Sources */,
				C75774952BAB90C40080C021 /* GeneratedKitView.swift in Sources */,
				C70B6AE72AA90F08000DED0A /* Bundle+Extension.swift in Sources */,
				C7A41E462BAAF8AA00BCD6F5 /* GetServicesView.swift in Sources */,
				C7B84B5C2AB546FD009D83ED /* Tulip.rcproject in Sources */,
				C7A41E422BAACF7500BCD6F5 /* CommunityView.swift in Sources */,
				C70B41062AADC1360048693B /* ScapeaAction.swift in Sources */,
				C7208CAC2AA7BAB300F5F7D5 /* SettingsView.swift in Sources */,
				C75774882BAB6C6C0080C021 /* GardenService.swift in Sources */,
				C75BA7F52AA510E4002B9888 /* OTPView.swift in Sources */,
				C75774972BAB97110080C021 /* CommunityBlogView.swift in Sources */,
				C7CC8DC92AAF854400E7B5FC /* BaseARView.swift in Sources */,
				C7A41E4A2BAAFB0F00BCD6F5 /* MyPlant.swift in Sources */,
				C7208CA62AA7B4E900F5F7D5 /* AvatarView.swift in Sources */,
				C7A7F64B2AA65E1B009B9A2A /* SignUpOtpView.swift in Sources */,
				C757748F2BAB6FB00080C021 /* GardenServiceView.swift in Sources */,
				C70B41082AADC22A0048693B /* ActionCardView.swift in Sources */,
				C7CC8DD02AB00EA200E7B5FC /* BaseARViewModel.swift in Sources */,
				C7CC8DE12AB182E800E7B5FC /* ARSnapshotsGridMode.swift in Sources */,
				C7E840692AA504A800DC0926 /* SignUpView.swift in Sources */,
				C70B40FA2AAAE2F10048693B /* UpdateAvatarView.swift in Sources */,
				C7951F792AA49F4A006DF1E6 /* PasswordField.swift in Sources */,
				C7CC8DCC2AB00BF000E7B5FC /* AddObjectView.swift in Sources */,
				C70B6AE52AA90DFC000DED0A /* SupportEmail.swift in Sources */,
				C7951F6C2AA49459006DF1E6 /* ScapeaImage.swift in Sources */,
				C7E840702AA50A3100DC0926 /* ForgotPasswordView.swift in Sources */,
				C70B40F52AAADB8E0048693B /* ProfileViewModel.swift in Sources */,
				C75BA7F12AA50E42002B9888 /* ForgotPasswordViewModel.swift in Sources */,
				C7A41E442BAAF88600BCD6F5 /* MyPlantsView.swift in Sources */,
				C7A7F64D2AA66014009B9A2A /* SelectYourAvatarView.swift in Sources */,
				C7CC8DC32AAF82D700E7B5FC /* CustomARView.swift in Sources */,
				C70FBAF22AA45F5E0047272B /* ScapeaApp.swift in Sources */,
			);
			runOnlyForDeploymentPostprocessing = 0;
		};
/* End PBXSourcesBuildPhase section */

/* Begin XCBuildConfiguration section */
		C70FBAFA2AA45F5F0047272B /* Debug */ = {
			isa = XCBuildConfiguration;
			buildSettings = {
				ALWAYS_SEARCH_USER_PATHS = NO;
				CLANG_ANALYZER_NONNULL = YES;
				CLANG_ANALYZER_NUMBER_OBJECT_CONVERSION = YES_AGGRESSIVE;
				CLANG_CXX_LANGUAGE_STANDARD = "gnu++20";
				CLANG_ENABLE_MODULES = YES;
				CLANG_ENABLE_OBJC_ARC = YES;
				CLANG_ENABLE_OBJC_WEAK = YES;
				CLANG_WARN_BLOCK_CAPTURE_AUTORELEASING = YES;
				CLANG_WARN_BOOL_CONVERSION = YES;
				CLANG_WARN_COMMA = YES;
				CLANG_WARN_CONSTANT_CONVERSION = YES;
				CLANG_WARN_DEPRECATED_OBJC_IMPLEMENTATIONS = YES;
				CLANG_WARN_DIRECT_OBJC_ISA_USAGE = YES_ERROR;
				CLANG_WARN_DOCUMENTATION_COMMENTS = YES;
				CLANG_WARN_EMPTY_BODY = YES;
				CLANG_WARN_ENUM_CONVERSION = YES;
				CLANG_WARN_INFINITE_RECURSION = YES;
				CLANG_WARN_INT_CONVERSION = YES;
				CLANG_WARN_NON_LITERAL_NULL_CONVERSION = YES;
				CLANG_WARN_OBJC_IMPLICIT_RETAIN_SELF = YES;
				CLANG_WARN_OBJC_LITERAL_CONVERSION = YES;
				CLANG_WARN_OBJC_ROOT_CLASS = YES_ERROR;
				CLANG_WARN_QUOTED_INCLUDE_IN_FRAMEWORK_HEADER = YES;
				CLANG_WARN_RANGE_LOOP_ANALYSIS = YES;
				CLANG_WARN_STRICT_PROTOTYPES = YES;
				CLANG_WARN_SUSPICIOUS_MOVE = YES;
				CLANG_WARN_UNGUARDED_AVAILABILITY = YES_AGGRESSIVE;
				CLANG_WARN_UNREACHABLE_CODE = YES;
				CLANG_WARN__DUPLICATE_METHOD_MATCH = YES;
				COPY_PHASE_STRIP = NO;
				DEBUG_INFORMATION_FORMAT = dwarf;
				ENABLE_STRICT_OBJC_MSGSEND = YES;
				ENABLE_TESTABILITY = YES;
				GCC_C_LANGUAGE_STANDARD = gnu11;
				GCC_DYNAMIC_NO_PIC = NO;
				GCC_NO_COMMON_BLOCKS = YES;
				GCC_OPTIMIZATION_LEVEL = 0;
				GCC_PREPROCESSOR_DEFINITIONS = (
					"DEBUG=1",
					"$(inherited)",
				);
				GCC_WARN_64_TO_32_BIT_CONVERSION = YES;
				GCC_WARN_ABOUT_RETURN_TYPE = YES_ERROR;
				GCC_WARN_UNDECLARED_SELECTOR = YES;
				GCC_WARN_UNINITIALIZED_AUTOS = YES_AGGRESSIVE;
				GCC_WARN_UNUSED_FUNCTION = YES;
				GCC_WARN_UNUSED_VARIABLE = YES;
				IPHONEOS_DEPLOYMENT_TARGET = 16.4;
				MTL_ENABLE_DEBUG_INFO = INCLUDE_SOURCE;
				MTL_FAST_MATH = YES;
				ONLY_ACTIVE_ARCH = YES;
				SDKROOT = iphoneos;
				SWIFT_ACTIVE_COMPILATION_CONDITIONS = DEBUG;
				SWIFT_OPTIMIZATION_LEVEL = "-Onone";
			};
			name = Debug;
		};
		C70FBAFB2AA45F5F0047272B /* Release */ = {
			isa = XCBuildConfiguration;
			buildSettings = {
				ALWAYS_SEARCH_USER_PATHS = NO;
				CLANG_ANALYZER_NONNULL = YES;
				CLANG_ANALYZER_NUMBER_OBJECT_CONVERSION = YES_AGGRESSIVE;
				CLANG_CXX_LANGUAGE_STANDARD = "gnu++20";
				CLANG_ENABLE_MODULES = YES;
				CLANG_ENABLE_OBJC_ARC = YES;
				CLANG_ENABLE_OBJC_WEAK = YES;
				CLANG_WARN_BLOCK_CAPTURE_AUTORELEASING = YES;
				CLANG_WARN_BOOL_CONVERSION = YES;
				CLANG_WARN_COMMA = YES;
				CLANG_WARN_CONSTANT_CONVERSION = YES;
				CLANG_WARN_DEPRECATED_OBJC_IMPLEMENTATIONS = YES;
				CLANG_WARN_DIRECT_OBJC_ISA_USAGE = YES_ERROR;
				CLANG_WARN_DOCUMENTATION_COMMENTS = YES;
				CLANG_WARN_EMPTY_BODY = YES;
				CLANG_WARN_ENUM_CONVERSION = YES;
				CLANG_WARN_INFINITE_RECURSION = YES;
				CLANG_WARN_INT_CONVERSION = YES;
				CLANG_WARN_NON_LITERAL_NULL_CONVERSION = YES;
				CLANG_WARN_OBJC_IMPLICIT_RETAIN_SELF = YES;
				CLANG_WARN_OBJC_LITERAL_CONVERSION = YES;
				CLANG_WARN_OBJC_ROOT_CLASS = YES_ERROR;
				CLANG_WARN_QUOTED_INCLUDE_IN_FRAMEWORK_HEADER = YES;
				CLANG_WARN_RANGE_LOOP_ANALYSIS = YES;
				CLANG_WARN_STRICT_PROTOTYPES = YES;
				CLANG_WARN_SUSPICIOUS_MOVE = YES;
				CLANG_WARN_UNGUARDED_AVAILABILITY = YES_AGGRESSIVE;
				CLANG_WARN_UNREACHABLE_CODE = YES;
				CLANG_WARN__DUPLICATE_METHOD_MATCH = YES;
				COPY_PHASE_STRIP = NO;
				DEBUG_INFORMATION_FORMAT = "dwarf-with-dsym";
				ENABLE_NS_ASSERTIONS = NO;
				ENABLE_STRICT_OBJC_MSGSEND = YES;
				GCC_C_LANGUAGE_STANDARD = gnu11;
				GCC_NO_COMMON_BLOCKS = YES;
				GCC_WARN_64_TO_32_BIT_CONVERSION = YES;
				GCC_WARN_ABOUT_RETURN_TYPE = YES_ERROR;
				GCC_WARN_UNDECLARED_SELECTOR = YES;
				GCC_WARN_UNINITIALIZED_AUTOS = YES_AGGRESSIVE;
				GCC_WARN_UNUSED_FUNCTION = YES;
				GCC_WARN_UNUSED_VARIABLE = YES;
				IPHONEOS_DEPLOYMENT_TARGET = 16.4;
				MTL_ENABLE_DEBUG_INFO = NO;
				MTL_FAST_MATH = YES;
				SDKROOT = iphoneos;
				SWIFT_COMPILATION_MODE = wholemodule;
				SWIFT_OPTIMIZATION_LEVEL = "-O";
				VALIDATE_PRODUCT = YES;
			};
			name = Release;
		};
		C70FBAFD2AA45F5F0047272B /* Debug */ = {
			isa = XCBuildConfiguration;
			buildSettings = {
				ASSETCATALOG_COMPILER_APPICON_NAME = AppIcon;
				ASSETCATALOG_COMPILER_GLOBAL_ACCENT_COLOR_NAME = AccentColor;
				CODE_SIGN_STYLE = Automatic;
				CURRENT_PROJECT_VERSION = 1;
				DEVELOPMENT_ASSET_PATHS = "\"Scapea/Preview Content\"";
				DEVELOPMENT_TEAM = 255PJ663UF;
				ENABLE_PREVIEWS = YES;
				GENERATE_INFOPLIST_FILE = YES;
				INFOPLIST_KEY_NSCameraUsageDescription = "Needed to use AR";
				INFOPLIST_KEY_NSPhotoLibraryAddUsageDescription = "To save AR snapshots";
				INFOPLIST_KEY_UIApplicationSceneManifest_Generation = YES;
				INFOPLIST_KEY_UIApplicationSupportsIndirectInputEvents = YES;
				INFOPLIST_KEY_UILaunchScreen_Generation = YES;
				INFOPLIST_KEY_UILaunchStoryboardName = LaunchScreen.storyboard;
				INFOPLIST_KEY_UIStatusBarStyle = "";
				INFOPLIST_KEY_UISupportedInterfaceOrientations = UIInterfaceOrientationPortrait;
				INFOPLIST_KEY_UISupportedInterfaceOrientations_iPad = "UIInterfaceOrientationLandscapeLeft UIInterfaceOrientationLandscapeRight UIInterfaceOrientationPortrait UIInterfaceOrientationPortraitUpsideDown";
				IPHONEOS_DEPLOYMENT_TARGET = 16.0;
				LD_RUNPATH_SEARCH_PATHS = (
					"$(inherited)",
					"@executable_path/Frameworks",
				);
				MARKETING_VERSION = 1.0;
				PRODUCT_BUNDLE_IDENTIFIER = com.C2T.Scapea;
				PRODUCT_NAME = "$(TARGET_NAME)";
				SWIFT_EMIT_LOC_STRINGS = YES;
				SWIFT_VERSION = 5.0;
				TARGETED_DEVICE_FAMILY = "1,2";
			};
			name = Debug;
		};
		C70FBAFE2AA45F5F0047272B /* Release */ = {
			isa = XCBuildConfiguration;
			buildSettings = {
				ASSETCATALOG_COMPILER_APPICON_NAME = AppIcon;
				ASSETCATALOG_COMPILER_GLOBAL_ACCENT_COLOR_NAME = AccentColor;
				CODE_SIGN_STYLE = Automatic;
				CURRENT_PROJECT_VERSION = 1;
				DEVELOPMENT_ASSET_PATHS = "\"Scapea/Preview Content\"";
				DEVELOPMENT_TEAM = 255PJ663UF;
				ENABLE_PREVIEWS = YES;
				GENERATE_INFOPLIST_FILE = YES;
				INFOPLIST_KEY_NSCameraUsageDescription = "Needed to use AR";
				INFOPLIST_KEY_NSPhotoLibraryAddUsageDescription = "To save AR snapshots";
				INFOPLIST_KEY_UIApplicationSceneManifest_Generation = YES;
				INFOPLIST_KEY_UIApplicationSupportsIndirectInputEvents = YES;
				INFOPLIST_KEY_UILaunchScreen_Generation = YES;
				INFOPLIST_KEY_UILaunchStoryboardName = LaunchScreen.storyboard;
				INFOPLIST_KEY_UIStatusBarStyle = "";
				INFOPLIST_KEY_UISupportedInterfaceOrientations = UIInterfaceOrientationPortrait;
				INFOPLIST_KEY_UISupportedInterfaceOrientations_iPad = "UIInterfaceOrientationLandscapeLeft UIInterfaceOrientationLandscapeRight UIInterfaceOrientationPortrait UIInterfaceOrientationPortraitUpsideDown";
				IPHONEOS_DEPLOYMENT_TARGET = 16.0;
				LD_RUNPATH_SEARCH_PATHS = (
					"$(inherited)",
					"@executable_path/Frameworks",
				);
				MARKETING_VERSION = 1.0;
				PRODUCT_BUNDLE_IDENTIFIER = com.C2T.Scapea;
				PRODUCT_NAME = "$(TARGET_NAME)";
				SWIFT_EMIT_LOC_STRINGS = YES;
				SWIFT_VERSION = 5.0;
				TARGETED_DEVICE_FAMILY = "1,2";
			};
			name = Release;
		};
/* End XCBuildConfiguration section */

/* Begin XCConfigurationList section */
		C70FBAE92AA45F5E0047272B /* Build configuration list for PBXProject "Scapea" */ = {
			isa = XCConfigurationList;
			buildConfigurations = (
				C70FBAFA2AA45F5F0047272B /* Debug */,
				C70FBAFB2AA45F5F0047272B /* Release */,
			);
			defaultConfigurationIsVisible = 0;
			defaultConfigurationName = Release;
		};
		C70FBAFC2AA45F5F0047272B /* Build configuration list for PBXNativeTarget "Scapea" */ = {
			isa = XCConfigurationList;
			buildConfigurations = (
				C70FBAFD2AA45F5F0047272B /* Debug */,
				C70FBAFE2AA45F5F0047272B /* Release */,
			);
			defaultConfigurationIsVisible = 0;
			defaultConfigurationName = Release;
		};
/* End XCConfigurationList section */
	};
	rootObject = C70FBAE62AA45F5E0047272B /* Project object */;
}
